// !$*UTF8*$!
{
	archiveVersion = 1;
	classes = {
	};
	objectVersion = 46;
	objects = {

/* Begin PBXBuildFile section */
		202148001A839F4400070FA1 /* mapchip.png in Resources */ = {isa = PBXBuildFile; fileRef = 202147FF1A839F4300070FA1 /* mapchip.png */; };
		2028EDA11A824F4700894577 /* AppDelegate.swift in Sources */ = {isa = PBXBuildFile; fileRef = 2028EDA01A824F4700894577 /* AppDelegate.swift */; };
		2028EDA31A824F4700894577 /* GameScene.sks in Resources */ = {isa = PBXBuildFile; fileRef = 2028EDA21A824F4700894577 /* GameScene.sks */; };
		2028EDA51A824F4700894577 /* GameScene.swift in Sources */ = {isa = PBXBuildFile; fileRef = 2028EDA41A824F4700894577 /* GameScene.swift */; };
		2028EDA71A824F4700894577 /* GameViewController.swift in Sources */ = {isa = PBXBuildFile; fileRef = 2028EDA61A824F4700894577 /* GameViewController.swift */; };
		2028EDAA1A824F4700894577 /* Main.storyboard in Resources */ = {isa = PBXBuildFile; fileRef = 2028EDA81A824F4700894577 /* Main.storyboard */; };
		2028EDAC1A824F4700894577 /* Images.xcassets in Resources */ = {isa = PBXBuildFile; fileRef = 2028EDAB1A824F4700894577 /* Images.xcassets */; };
		2028EDAF1A824F4700894577 /* LaunchScreen.xib in Resources */ = {isa = PBXBuildFile; fileRef = 2028EDAD1A824F4700894577 /* LaunchScreen.xib */; };
		2028EDBB1A824F4700894577 /* OpenWorldQuarterViewRPGTests.swift in Sources */ = {isa = PBXBuildFile; fileRef = 2028EDBA1A824F4700894577 /* OpenWorldQuarterViewRPGTests.swift */; };
		206430D51A90FF2500A52BBC /* Random.swift in Sources */ = {isa = PBXBuildFile; fileRef = 206430D41A90FF2500A52BBC /* Random.swift */; };
		207592C91A923538003935B2 /* Passage.swift in Sources */ = {isa = PBXBuildFile; fileRef = 207592C81A923538003935B2 /* Passage.swift */; };
		2080E2691A83D67F00ED0780 /* ground.green.0.png in Resources */ = {isa = PBXBuildFile; fileRef = 2080E2681A83D67F00ED0780 /* ground.green.0.png */; };
		2080E26C1A83D68900ED0780 /* ground.green.1.png in Resources */ = {isa = PBXBuildFile; fileRef = 2080E26A1A83D68900ED0780 /* ground.green.1.png */; };
		2080E26D1A83D68900ED0780 /* ground.green.2.png in Resources */ = {isa = PBXBuildFile; fileRef = 2080E26B1A83D68900ED0780 /* ground.green.2.png */; };
		2080E2751A83D69400ED0780 /* ground.green.3.png in Resources */ = {isa = PBXBuildFile; fileRef = 2080E26E1A83D69400ED0780 /* ground.green.3.png */; };
		2080E2761A83D69400ED0780 /* ground.green.4.png in Resources */ = {isa = PBXBuildFile; fileRef = 2080E26F1A83D69400ED0780 /* ground.green.4.png */; };
		2080E2771A83D69400ED0780 /* ground.green.5.png in Resources */ = {isa = PBXBuildFile; fileRef = 2080E2701A83D69400ED0780 /* ground.green.5.png */; };
		2080E2781A83D69400ED0780 /* ground.green.6.png in Resources */ = {isa = PBXBuildFile; fileRef = 2080E2711A83D69400ED0780 /* ground.green.6.png */; };
		2080E2791A83D69400ED0780 /* ground.green.7.png in Resources */ = {isa = PBXBuildFile; fileRef = 2080E2721A83D69400ED0780 /* ground.green.7.png */; };
		2080E27A1A83D69400ED0780 /* ground.green.8.png in Resources */ = {isa = PBXBuildFile; fileRef = 2080E2731A83D69400ED0780 /* ground.green.8.png */; };
		2080E27B1A83D69400ED0780 /* ground.green.9.png in Resources */ = {isa = PBXBuildFile; fileRef = 2080E2741A83D69400ED0780 /* ground.green.9.png */; };
		208C7A0D1A85F0F10086DB72 /* ground.green.10.png in Resources */ = {isa = PBXBuildFile; fileRef = 208C7A0C1A85F0F10086DB72 /* ground.green.10.png */; };
		208C7A101A85F1EC0086DB72 /* ground.green.11.png in Resources */ = {isa = PBXBuildFile; fileRef = 208C7A0E1A85F1EC0086DB72 /* ground.green.11.png */; };
		208C7A111A85F1EC0086DB72 /* ground.green.12.png in Resources */ = {isa = PBXBuildFile; fileRef = 208C7A0F1A85F1EC0086DB72 /* ground.green.12.png */; };
		208C7A171A85F25A0086DB72 /* ground.rectcheck.0.png in Resources */ = {isa = PBXBuildFile; fileRef = 208C7A131A85F25A0086DB72 /* ground.rectcheck.0.png */; };
		208C7A181A85F25A0086DB72 /* ground.rectcheck.1.png in Resources */ = {isa = PBXBuildFile; fileRef = 208C7A141A85F25A0086DB72 /* ground.rectcheck.1.png */; };
		208C7A191A85F25A0086DB72 /* ground.rectcheck.2.png in Resources */ = {isa = PBXBuildFile; fileRef = 208C7A151A85F25A0086DB72 /* ground.rectcheck.2.png */; };
		208C7A1A1A85F25A0086DB72 /* ground.rectcheck.3.png in Resources */ = {isa = PBXBuildFile; fileRef = 208C7A161A85F25A0086DB72 /* ground.rectcheck.3.png */; };
		208C7A1E1A8617ED0086DB72 /* MapChip.swift in Sources */ = {isa = PBXBuildFile; fileRef = 208C7A1D1A8617ED0086DB72 /* MapChip.swift */; };
		208C7A201A8618AD0086DB72 /* GroundGreen.swift in Sources */ = {isa = PBXBuildFile; fileRef = 208C7A1F1A8618AD0086DB72 /* GroundGreen.swift */; };
		208C7A221A8618FF0086DB72 /* RectTestChip.swift in Sources */ = {isa = PBXBuildFile; fileRef = 208C7A211A8618FF0086DB72 /* RectTestChip.swift */; };
		208C7A251A86198B0086DB72 /* MapUtil.swift in Sources */ = {isa = PBXBuildFile; fileRef = 208C7A241A86198B0086DB72 /* MapUtil.swift */; };
		208C7A2B1A864F5D0086DB72 /* ground.rectcheck.4.png in Resources */ = {isa = PBXBuildFile; fileRef = 208C7A261A864F5D0086DB72 /* ground.rectcheck.4.png */; };
		208C7A2C1A864F5D0086DB72 /* ground.rectcheck.5.png in Resources */ = {isa = PBXBuildFile; fileRef = 208C7A271A864F5D0086DB72 /* ground.rectcheck.5.png */; };
		208C7A2D1A864F5D0086DB72 /* ground.rectcheck.6.png in Resources */ = {isa = PBXBuildFile; fileRef = 208C7A281A864F5D0086DB72 /* ground.rectcheck.6.png */; };
		208C7A2E1A864F5D0086DB72 /* ground.rectcheck.7.png in Resources */ = {isa = PBXBuildFile; fileRef = 208C7A291A864F5D0086DB72 /* ground.rectcheck.7.png */; };
		208C7A2F1A864F5D0086DB72 /* ground.rectcheck.8.png in Resources */ = {isa = PBXBuildFile; fileRef = 208C7A2A1A864F5D0086DB72 /* ground.rectcheck.8.png */; };
		208C7A321A8765C30086DB72 /* ChipInfo.swift in Sources */ = {isa = PBXBuildFile; fileRef = 208C7A311A8765C30086DB72 /* ChipInfo.swift */; };
		208C7A361A8766850086DB72 /* MapModel.swift in Sources */ = {isa = PBXBuildFile; fileRef = 208C7A351A8766850086DB72 /* MapModel.swift */; };
		208C7A391A876F7D0086DB72 /* MapDelegate.swift in Sources */ = {isa = PBXBuildFile; fileRef = 208C7A381A876F7D0086DB72 /* MapDelegate.swift */; };
		208C7A3B1A87B1FB0086DB72 /* UIUtil.swift in Sources */ = {isa = PBXBuildFile; fileRef = 208C7A3A1A87B1FB0086DB72 /* UIUtil.swift */; };
		C37132231A919B4C0085F2C0 /* NeighborRoomInfo.swift in Sources */ = {isa = PBXBuildFile; fileRef = C37132211A919B4C0085F2C0 /* NeighborRoomInfo.swift */; };
		C37132241A919B4C0085F2C0 /* RoomInfo.swift in Sources */ = {isa = PBXBuildFile; fileRef = C37132221A919B4C0085F2C0 /* RoomInfo.swift */; };
		C3CFE8951A92ED2400404006 /* MapChipRect.swift in Sources */ = {isa = PBXBuildFile; fileRef = C3CFE8941A92ED2400404006 /* MapChipRect.swift */; };
		C3E1660A1A8C57A200B9CAAC /* UIModel.swift in Sources */ = {isa = PBXBuildFile; fileRef = C3E166091A8C57A200B9CAAC /* UIModel.swift */; };
		C3E1660C1A8C590800B9CAAC /* UIDelegate.swift in Sources */ = {isa = PBXBuildFile; fileRef = C3E1660B1A8C590800B9CAAC /* UIDelegate.swift */; };
/* End PBXBuildFile section */

/* Begin PBXContainerItemProxy section */
		2028EDB51A824F4700894577 /* PBXContainerItemProxy */ = {
			isa = PBXContainerItemProxy;
			containerPortal = 2028ED931A824F4700894577 /* Project object */;
			proxyType = 1;
			remoteGlobalIDString = 2028ED9A1A824F4700894577;
			remoteInfo = OpenWorldQuarterViewRPG;
		};
/* End PBXContainerItemProxy section */

/* Begin PBXFileReference section */
		202147FF1A839F4300070FA1 /* mapchip.png */ = {isa = PBXFileReference; lastKnownFileType = image.png; path = mapchip.png; sourceTree = "<group>"; };
		2028ED9B1A824F4700894577 /* OpenWorldQuarterViewRPG.app */ = {isa = PBXFileReference; explicitFileType = wrapper.application; includeInIndex = 0; path = OpenWorldQuarterViewRPG.app; sourceTree = BUILT_PRODUCTS_DIR; };
		2028ED9F1A824F4700894577 /* Info.plist */ = {isa = PBXFileReference; lastKnownFileType = text.plist.xml; path = Info.plist; sourceTree = "<group>"; };
		2028EDA01A824F4700894577 /* AppDelegate.swift */ = {isa = PBXFileReference; lastKnownFileType = sourcecode.swift; path = AppDelegate.swift; sourceTree = "<group>"; };
		2028EDA21A824F4700894577 /* GameScene.sks */ = {isa = PBXFileReference; lastKnownFileType = file.sks; path = GameScene.sks; sourceTree = "<group>"; };
		2028EDA41A824F4700894577 /* GameScene.swift */ = {isa = PBXFileReference; lastKnownFileType = sourcecode.swift; path = GameScene.swift; sourceTree = "<group>"; };
		2028EDA61A824F4700894577 /* GameViewController.swift */ = {isa = PBXFileReference; lastKnownFileType = sourcecode.swift; path = GameViewController.swift; sourceTree = "<group>"; };
		2028EDA91A824F4700894577 /* Base */ = {isa = PBXFileReference; lastKnownFileType = file.storyboard; name = Base; path = Base.lproj/Main.storyboard; sourceTree = "<group>"; };
		2028EDAB1A824F4700894577 /* Images.xcassets */ = {isa = PBXFileReference; lastKnownFileType = folder.assetcatalog; path = Images.xcassets; sourceTree = "<group>"; };
		2028EDAE1A824F4700894577 /* Base */ = {isa = PBXFileReference; lastKnownFileType = file.xib; name = Base; path = Base.lproj/LaunchScreen.xib; sourceTree = "<group>"; };
		2028EDB41A824F4700894577 /* OpenWorldQuarterViewRPGTests.xctest */ = {isa = PBXFileReference; explicitFileType = wrapper.cfbundle; includeInIndex = 0; path = OpenWorldQuarterViewRPGTests.xctest; sourceTree = BUILT_PRODUCTS_DIR; };
		2028EDB91A824F4700894577 /* Info.plist */ = {isa = PBXFileReference; lastKnownFileType = text.plist.xml; path = Info.plist; sourceTree = "<group>"; };
		2028EDBA1A824F4700894577 /* OpenWorldQuarterViewRPGTests.swift */ = {isa = PBXFileReference; lastKnownFileType = sourcecode.swift; path = OpenWorldQuarterViewRPGTests.swift; sourceTree = "<group>"; };
		206430D41A90FF2500A52BBC /* Random.swift */ = {isa = PBXFileReference; fileEncoding = 4; lastKnownFileType = sourcecode.swift; path = Random.swift; sourceTree = "<group>"; };
		207592C81A923538003935B2 /* Passage.swift */ = {isa = PBXFileReference; fileEncoding = 4; lastKnownFileType = sourcecode.swift; path = Passage.swift; sourceTree = "<group>"; };
		2080E2681A83D67F00ED0780 /* ground.green.0.png */ = {isa = PBXFileReference; lastKnownFileType = image.png; path = ground.green.0.png; sourceTree = "<group>"; };
		2080E26A1A83D68900ED0780 /* ground.green.1.png */ = {isa = PBXFileReference; lastKnownFileType = image.png; path = ground.green.1.png; sourceTree = "<group>"; };
		2080E26B1A83D68900ED0780 /* ground.green.2.png */ = {isa = PBXFileReference; lastKnownFileType = image.png; path = ground.green.2.png; sourceTree = "<group>"; };
		2080E26E1A83D69400ED0780 /* ground.green.3.png */ = {isa = PBXFileReference; lastKnownFileType = image.png; path = ground.green.3.png; sourceTree = "<group>"; };
		2080E26F1A83D69400ED0780 /* ground.green.4.png */ = {isa = PBXFileReference; lastKnownFileType = image.png; path = ground.green.4.png; sourceTree = "<group>"; };
		2080E2701A83D69400ED0780 /* ground.green.5.png */ = {isa = PBXFileReference; lastKnownFileType = image.png; path = ground.green.5.png; sourceTree = "<group>"; };
		2080E2711A83D69400ED0780 /* ground.green.6.png */ = {isa = PBXFileReference; lastKnownFileType = image.png; path = ground.green.6.png; sourceTree = "<group>"; };
		2080E2721A83D69400ED0780 /* ground.green.7.png */ = {isa = PBXFileReference; lastKnownFileType = image.png; path = ground.green.7.png; sourceTree = "<group>"; };
		2080E2731A83D69400ED0780 /* ground.green.8.png */ = {isa = PBXFileReference; lastKnownFileType = image.png; path = ground.green.8.png; sourceTree = "<group>"; };
		2080E2741A83D69400ED0780 /* ground.green.9.png */ = {isa = PBXFileReference; lastKnownFileType = image.png; path = ground.green.9.png; sourceTree = "<group>"; };
		208C7A0C1A85F0F10086DB72 /* ground.green.10.png */ = {isa = PBXFileReference; lastKnownFileType = image.png; path = ground.green.10.png; sourceTree = "<group>"; };
		208C7A0E1A85F1EC0086DB72 /* ground.green.11.png */ = {isa = PBXFileReference; lastKnownFileType = image.png; path = ground.green.11.png; sourceTree = "<group>"; };
		208C7A0F1A85F1EC0086DB72 /* ground.green.12.png */ = {isa = PBXFileReference; lastKnownFileType = image.png; path = ground.green.12.png; sourceTree = "<group>"; };
		208C7A131A85F25A0086DB72 /* ground.rectcheck.0.png */ = {isa = PBXFileReference; lastKnownFileType = image.png; path = ground.rectcheck.0.png; sourceTree = "<group>"; };
		208C7A141A85F25A0086DB72 /* ground.rectcheck.1.png */ = {isa = PBXFileReference; lastKnownFileType = image.png; path = ground.rectcheck.1.png; sourceTree = "<group>"; };
		208C7A151A85F25A0086DB72 /* ground.rectcheck.2.png */ = {isa = PBXFileReference; lastKnownFileType = image.png; path = ground.rectcheck.2.png; sourceTree = "<group>"; };
		208C7A161A85F25A0086DB72 /* ground.rectcheck.3.png */ = {isa = PBXFileReference; lastKnownFileType = image.png; path = ground.rectcheck.3.png; sourceTree = "<group>"; };
		208C7A1D1A8617ED0086DB72 /* MapChip.swift */ = {isa = PBXFileReference; fileEncoding = 4; lastKnownFileType = sourcecode.swift; path = MapChip.swift; sourceTree = "<group>"; };
		208C7A1F1A8618AD0086DB72 /* GroundGreen.swift */ = {isa = PBXFileReference; fileEncoding = 4; lastKnownFileType = sourcecode.swift; path = GroundGreen.swift; sourceTree = "<group>"; };
		208C7A211A8618FF0086DB72 /* RectTestChip.swift */ = {isa = PBXFileReference; fileEncoding = 4; lastKnownFileType = sourcecode.swift; path = RectTestChip.swift; sourceTree = "<group>"; };
		208C7A241A86198B0086DB72 /* MapUtil.swift */ = {isa = PBXFileReference; fileEncoding = 4; lastKnownFileType = sourcecode.swift; path = MapUtil.swift; sourceTree = "<group>"; };
		208C7A261A864F5D0086DB72 /* ground.rectcheck.4.png */ = {isa = PBXFileReference; lastKnownFileType = image.png; path = ground.rectcheck.4.png; sourceTree = "<group>"; };
		208C7A271A864F5D0086DB72 /* ground.rectcheck.5.png */ = {isa = PBXFileReference; lastKnownFileType = image.png; path = ground.rectcheck.5.png; sourceTree = "<group>"; };
		208C7A281A864F5D0086DB72 /* ground.rectcheck.6.png */ = {isa = PBXFileReference; lastKnownFileType = image.png; path = ground.rectcheck.6.png; sourceTree = "<group>"; };
		208C7A291A864F5D0086DB72 /* ground.rectcheck.7.png */ = {isa = PBXFileReference; lastKnownFileType = image.png; path = ground.rectcheck.7.png; sourceTree = "<group>"; };
		208C7A2A1A864F5D0086DB72 /* ground.rectcheck.8.png */ = {isa = PBXFileReference; lastKnownFileType = image.png; path = ground.rectcheck.8.png; sourceTree = "<group>"; };
		208C7A311A8765C30086DB72 /* ChipInfo.swift */ = {isa = PBXFileReference; fileEncoding = 4; lastKnownFileType = sourcecode.swift; path = ChipInfo.swift; sourceTree = "<group>"; };
		208C7A351A8766850086DB72 /* MapModel.swift */ = {isa = PBXFileReference; fileEncoding = 4; lastKnownFileType = sourcecode.swift; path = MapModel.swift; sourceTree = "<group>"; };
		208C7A381A876F7D0086DB72 /* MapDelegate.swift */ = {isa = PBXFileReference; fileEncoding = 4; lastKnownFileType = sourcecode.swift; path = MapDelegate.swift; sourceTree = "<group>"; };
		208C7A3A1A87B1FB0086DB72 /* UIUtil.swift */ = {isa = PBXFileReference; fileEncoding = 4; lastKnownFileType = sourcecode.swift; path = UIUtil.swift; sourceTree = "<group>"; };
		C37132211A919B4C0085F2C0 /* NeighborRoomInfo.swift */ = {isa = PBXFileReference; fileEncoding = 4; lastKnownFileType = sourcecode.swift; path = NeighborRoomInfo.swift; sourceTree = "<group>"; };
		C37132221A919B4C0085F2C0 /* RoomInfo.swift */ = {isa = PBXFileReference; fileEncoding = 4; lastKnownFileType = sourcecode.swift; path = RoomInfo.swift; sourceTree = "<group>"; };
		C3CFE8941A92ED2400404006 /* MapChipRect.swift */ = {isa = PBXFileReference; fileEncoding = 4; lastKnownFileType = sourcecode.swift; path = MapChipRect.swift; sourceTree = "<group>"; };
		C3E166091A8C57A200B9CAAC /* UIModel.swift */ = {isa = PBXFileReference; fileEncoding = 4; lastKnownFileType = sourcecode.swift; path = UIModel.swift; sourceTree = "<group>"; };
		C3E1660B1A8C590800B9CAAC /* UIDelegate.swift */ = {isa = PBXFileReference; fileEncoding = 4; lastKnownFileType = sourcecode.swift; path = UIDelegate.swift; sourceTree = "<group>"; };
/* End PBXFileReference section */

/* Begin PBXFrameworksBuildPhase section */
		2028ED981A824F4700894577 /* Frameworks */ = {
			isa = PBXFrameworksBuildPhase;
			buildActionMask = 2147483647;
			files = (
			);
			runOnlyForDeploymentPostprocessing = 0;
		};
		2028EDB11A824F4700894577 /* Frameworks */ = {
			isa = PBXFrameworksBuildPhase;
			buildActionMask = 2147483647;
			files = (
			);
			runOnlyForDeploymentPostprocessing = 0;
		};
/* End PBXFrameworksBuildPhase section */

/* Begin PBXGroup section */
		202147FE1A839F2100070FA1 /* image */ = {
			isa = PBXGroup;
			children = (
				202148011A83B5A000070FA1 /* map */,
			);
			path = image;
			sourceTree = "<group>";
		};
		202148011A83B5A000070FA1 /* map */ = {
			isa = PBXGroup;
			children = (
				202147FF1A839F4300070FA1 /* mapchip.png */,
				202148021A83B5AE00070FA1 /* ground */,
			);
			path = map;
			sourceTree = "<group>";
		};
		202148021A83B5AE00070FA1 /* ground */ = {
			isa = PBXGroup;
			children = (
				208C7A121A85F2060086DB72 /* rectCheck */,
				202148031A83B5B900070FA1 /* green */,
			);
			path = ground;
			sourceTree = "<group>";
		};
		202148031A83B5B900070FA1 /* green */ = {
			isa = PBXGroup;
			children = (
				208C7A0E1A85F1EC0086DB72 /* ground.green.11.png */,
				208C7A0F1A85F1EC0086DB72 /* ground.green.12.png */,
				208C7A0C1A85F0F10086DB72 /* ground.green.10.png */,
				2080E26E1A83D69400ED0780 /* ground.green.3.png */,
				2080E26F1A83D69400ED0780 /* ground.green.4.png */,
				2080E2701A83D69400ED0780 /* ground.green.5.png */,
				2080E2711A83D69400ED0780 /* ground.green.6.png */,
				2080E2721A83D69400ED0780 /* ground.green.7.png */,
				2080E2731A83D69400ED0780 /* ground.green.8.png */,
				2080E2741A83D69400ED0780 /* ground.green.9.png */,
				2080E26A1A83D68900ED0780 /* ground.green.1.png */,
				2080E26B1A83D68900ED0780 /* ground.green.2.png */,
				2080E2681A83D67F00ED0780 /* ground.green.0.png */,
			);
			path = green;
			sourceTree = "<group>";
		};
		2028ED921A824F4700894577 = {
			isa = PBXGroup;
			children = (
				2028ED9D1A824F4700894577 /* OpenWorldQuarterViewRPG */,
				2028EDB71A824F4700894577 /* OpenWorldQuarterViewRPGTests */,
				2028ED9C1A824F4700894577 /* Products */,
			);
			sourceTree = "<group>";
		};
		2028ED9C1A824F4700894577 /* Products */ = {
			isa = PBXGroup;
			children = (
				2028ED9B1A824F4700894577 /* OpenWorldQuarterViewRPG.app */,
				2028EDB41A824F4700894577 /* OpenWorldQuarterViewRPGTests.xctest */,
			);
			name = Products;
			sourceTree = "<group>";
		};
		2028ED9D1A824F4700894577 /* OpenWorldQuarterViewRPG */ = {
			isa = PBXGroup;
			children = (
				208C7A371A876F230086DB72 /* delegate */,
				208C7A331A87666B0086DB72 /* model */,
				208C7A301A8765B10086DB72 /* data */,
				208C7A231A86197A0086DB72 /* util */,
				208C7A1B1A860A790086DB72 /* view */,
				202147FE1A839F2100070FA1 /* image */,
				2028EDA01A824F4700894577 /* AppDelegate.swift */,
				2028EDA21A824F4700894577 /* GameScene.sks */,
				2028EDA41A824F4700894577 /* GameScene.swift */,
				2028EDA61A824F4700894577 /* GameViewController.swift */,
				2028EDA81A824F4700894577 /* Main.storyboard */,
				2028EDAB1A824F4700894577 /* Images.xcassets */,
				2028EDAD1A824F4700894577 /* LaunchScreen.xib */,
				2028ED9E1A824F4700894577 /* Supporting Files */,
			);
			path = OpenWorldQuarterViewRPG;
			sourceTree = "<group>";
		};
		2028ED9E1A824F4700894577 /* Supporting Files */ = {
			isa = PBXGroup;
			children = (
				2028ED9F1A824F4700894577 /* Info.plist */,
			);
			name = "Supporting Files";
			sourceTree = "<group>";
		};
		2028EDB71A824F4700894577 /* OpenWorldQuarterViewRPGTests */ = {
			isa = PBXGroup;
			children = (
				2028EDBA1A824F4700894577 /* OpenWorldQuarterViewRPGTests.swift */,
				2028EDB81A824F4700894577 /* Supporting Files */,
			);
			path = OpenWorldQuarterViewRPGTests;
			sourceTree = "<group>";
		};
		2028EDB81A824F4700894577 /* Supporting Files */ = {
			isa = PBXGroup;
			children = (
				2028EDB91A824F4700894577 /* Info.plist */,
			);
			name = "Supporting Files";
			sourceTree = "<group>";
		};
		208C7A121A85F2060086DB72 /* rectCheck */ = {
			isa = PBXGroup;
			children = (
				208C7A261A864F5D0086DB72 /* ground.rectcheck.4.png */,
				208C7A271A864F5D0086DB72 /* ground.rectcheck.5.png */,
				208C7A281A864F5D0086DB72 /* ground.rectcheck.6.png */,
				208C7A291A864F5D0086DB72 /* ground.rectcheck.7.png */,
				208C7A2A1A864F5D0086DB72 /* ground.rectcheck.8.png */,
				208C7A131A85F25A0086DB72 /* ground.rectcheck.0.png */,
				208C7A141A85F25A0086DB72 /* ground.rectcheck.1.png */,
				208C7A151A85F25A0086DB72 /* ground.rectcheck.2.png */,
				208C7A161A85F25A0086DB72 /* ground.rectcheck.3.png */,
			);
			path = rectCheck;
			sourceTree = "<group>";
		};
		208C7A1B1A860A790086DB72 /* view */ = {
			isa = PBXGroup;
			children = (
				208C7A1C1A86179F0086DB72 /* map */,
			);
			path = view;
			sourceTree = "<group>";
		};
		208C7A1C1A86179F0086DB72 /* map */ = {
			isa = PBXGroup;
			children = (
				208C7A1D1A8617ED0086DB72 /* MapChip.swift */,
				208C7A1F1A8618AD0086DB72 /* GroundGreen.swift */,
				208C7A211A8618FF0086DB72 /* RectTestChip.swift */,
			);
			path = map;
			sourceTree = "<group>";
		};
		208C7A231A86197A0086DB72 /* util */ = {
			isa = PBXGroup;
			children = (
				208C7A241A86198B0086DB72 /* MapUtil.swift */,
				208C7A3A1A87B1FB0086DB72 /* UIUtil.swift */,
				206430D41A90FF2500A52BBC /* Random.swift */,
			);
			path = util;
			sourceTree = "<group>";
		};
		208C7A301A8765B10086DB72 /* data */ = {
			isa = PBXGroup;
			children = (
				C37132211A919B4C0085F2C0 /* NeighborRoomInfo.swift */,
				C37132221A919B4C0085F2C0 /* RoomInfo.swift */,
				208C7A311A8765C30086DB72 /* ChipInfo.swift */,
				207592C81A923538003935B2 /* Passage.swift */,
				C3CFE8941A92ED2400404006 /* MapChipRect.swift */,
			);
			path = data;
			sourceTree = "<group>";
		};
		208C7A331A87666B0086DB72 /* model */ = {
			isa = PBXGroup;
			children = (
				C3E166081A8C577A00B9CAAC /* ui */,
				208C7A341A8766740086DB72 /* map */,
			);
			path = model;
			sourceTree = "<group>";
		};
		208C7A341A8766740086DB72 /* map */ = {
			isa = PBXGroup;
			children = (
				208C7A351A8766850086DB72 /* MapModel.swift */,
			);
			path = map;
			sourceTree = "<group>";
		};
		208C7A371A876F230086DB72 /* delegate */ = {
			isa = PBXGroup;
			children = (
				208C7A381A876F7D0086DB72 /* MapDelegate.swift */,
				C3E1660B1A8C590800B9CAAC /* UIDelegate.swift */,
			);
			path = delegate;
			sourceTree = "<group>";
		};
		C3E166081A8C577A00B9CAAC /* ui */ = {
			isa = PBXGroup;
			children = (
				C3E166091A8C57A200B9CAAC /* UIModel.swift */,
			);
			path = ui;
			sourceTree = "<group>";
		};
/* End PBXGroup section */

/* Begin PBXNativeTarget section */
		2028ED9A1A824F4700894577 /* OpenWorldQuarterViewRPG */ = {
			isa = PBXNativeTarget;
			buildConfigurationList = 2028EDBE1A824F4700894577 /* Build configuration list for PBXNativeTarget "OpenWorldQuarterViewRPG" */;
			buildPhases = (
				2028ED971A824F4700894577 /* Sources */,
				2028ED981A824F4700894577 /* Frameworks */,
				2028ED991A824F4700894577 /* Resources */,
			);
			buildRules = (
			);
			dependencies = (
			);
			name = OpenWorldQuarterViewRPG;
			productName = OpenWorldQuarterViewRPG;
			productReference = 2028ED9B1A824F4700894577 /* OpenWorldQuarterViewRPG.app */;
			productType = "com.apple.product-type.application";
		};
		2028EDB31A824F4700894577 /* OpenWorldQuarterViewRPGTests */ = {
			isa = PBXNativeTarget;
			buildConfigurationList = 2028EDC11A824F4700894577 /* Build configuration list for PBXNativeTarget "OpenWorldQuarterViewRPGTests" */;
			buildPhases = (
				2028EDB01A824F4700894577 /* Sources */,
				2028EDB11A824F4700894577 /* Frameworks */,
				2028EDB21A824F4700894577 /* Resources */,
			);
			buildRules = (
			);
			dependencies = (
				2028EDB61A824F4700894577 /* PBXTargetDependency */,
			);
			name = OpenWorldQuarterViewRPGTests;
			productName = OpenWorldQuarterViewRPGTests;
			productReference = 2028EDB41A824F4700894577 /* OpenWorldQuarterViewRPGTests.xctest */;
			productType = "com.apple.product-type.bundle.unit-test";
		};
/* End PBXNativeTarget section */

/* Begin PBXProject section */
		2028ED931A824F4700894577 /* Project object */ = {
			isa = PBXProject;
			attributes = {
				LastUpgradeCheck = 0610;
				ORGANIZATIONNAME = "Yu Yokoyama";
				TargetAttributes = {
					2028ED9A1A824F4700894577 = {
						CreatedOnToolsVersion = 6.1.1;
						DevelopmentTeam = 654RUZ9SAH;
					};
					2028EDB31A824F4700894577 = {
						CreatedOnToolsVersion = 6.1.1;
						TestTargetID = 2028ED9A1A824F4700894577;
					};
				};
			};
			buildConfigurationList = 2028ED961A824F4700894577 /* Build configuration list for PBXProject "OpenWorldQuarterViewRPG" */;
			compatibilityVersion = "Xcode 3.2";
			developmentRegion = English;
			hasScannedForEncodings = 0;
			knownRegions = (
				en,
				Base,
			);
			mainGroup = 2028ED921A824F4700894577;
			productRefGroup = 2028ED9C1A824F4700894577 /* Products */;
			projectDirPath = "";
			projectRoot = "";
			targets = (
				2028ED9A1A824F4700894577 /* OpenWorldQuarterViewRPG */,
				2028EDB31A824F4700894577 /* OpenWorldQuarterViewRPGTests */,
			);
		};
/* End PBXProject section */

/* Begin PBXResourcesBuildPhase section */
		2028ED991A824F4700894577 /* Resources */ = {
			isa = PBXResourcesBuildPhase;
			buildActionMask = 2147483647;
			files = (
				208C7A2F1A864F5D0086DB72 /* ground.rectcheck.8.png in Resources */,
				2080E2751A83D69400ED0780 /* ground.green.3.png in Resources */,
				2028EDAF1A824F4700894577 /* LaunchScreen.xib in Resources */,
				2080E2771A83D69400ED0780 /* ground.green.5.png in Resources */,
				2080E2691A83D67F00ED0780 /* ground.green.0.png in Resources */,
				208C7A101A85F1EC0086DB72 /* ground.green.11.png in Resources */,
				208C7A111A85F1EC0086DB72 /* ground.green.12.png in Resources */,
				208C7A2D1A864F5D0086DB72 /* ground.rectcheck.6.png in Resources */,
				208C7A191A85F25A0086DB72 /* ground.rectcheck.2.png in Resources */,
				2080E26D1A83D68900ED0780 /* ground.green.2.png in Resources */,
				2080E27A1A83D69400ED0780 /* ground.green.8.png in Resources */,
				208C7A171A85F25A0086DB72 /* ground.rectcheck.0.png in Resources */,
				208C7A2E1A864F5D0086DB72 /* ground.rectcheck.7.png in Resources */,
				2080E26C1A83D68900ED0780 /* ground.green.1.png in Resources */,
				208C7A0D1A85F0F10086DB72 /* ground.green.10.png in Resources */,
				202148001A839F4400070FA1 /* mapchip.png in Resources */,
				2080E2791A83D69400ED0780 /* ground.green.7.png in Resources */,
				208C7A181A85F25A0086DB72 /* ground.rectcheck.1.png in Resources */,
				2080E27B1A83D69400ED0780 /* ground.green.9.png in Resources */,
				208C7A1A1A85F25A0086DB72 /* ground.rectcheck.3.png in Resources */,
				208C7A2C1A864F5D0086DB72 /* ground.rectcheck.5.png in Resources */,
				2080E2781A83D69400ED0780 /* ground.green.6.png in Resources */,
				2028EDAC1A824F4700894577 /* Images.xcassets in Resources */,
				208C7A2B1A864F5D0086DB72 /* ground.rectcheck.4.png in Resources */,
				2080E2761A83D69400ED0780 /* ground.green.4.png in Resources */,
				2028EDA31A824F4700894577 /* GameScene.sks in Resources */,
				2028EDAA1A824F4700894577 /* Main.storyboard in Resources */,
			);
			runOnlyForDeploymentPostprocessing = 0;
		};
		2028EDB21A824F4700894577 /* Resources */ = {
			isa = PBXResourcesBuildPhase;
			buildActionMask = 2147483647;
			files = (
			);
			runOnlyForDeploymentPostprocessing = 0;
		};
/* End PBXResourcesBuildPhase section */

/* Begin PBXSourcesBuildPhase section */
		2028ED971A824F4700894577 /* Sources */ = {
			isa = PBXSourcesBuildPhase;
			buildActionMask = 2147483647;
			files = (
				2028EDA51A824F4700894577 /* GameScene.swift in Sources */,
				207592C91A923538003935B2 /* Passage.swift in Sources */,
				C3E1660C1A8C590800B9CAAC /* UIDelegate.swift in Sources */,
				C37132241A919B4C0085F2C0 /* RoomInfo.swift in Sources */,
				C3CFE8951A92ED2400404006 /* MapChipRect.swift in Sources */,
				208C7A361A8766850086DB72 /* MapModel.swift in Sources */,
				208C7A321A8765C30086DB72 /* ChipInfo.swift in Sources */,
				C3E1660A1A8C57A200B9CAAC /* UIModel.swift in Sources */,
				208C7A391A876F7D0086DB72 /* MapDelegate.swift in Sources */,
				206430D51A90FF2500A52BBC /* Random.swift in Sources */,
				208C7A221A8618FF0086DB72 /* RectTestChip.swift in Sources */,
				208C7A201A8618AD0086DB72 /* GroundGreen.swift in Sources */,
				2028EDA71A824F4700894577 /* GameViewController.swift in Sources */,
				C37132231A919B4C0085F2C0 /* NeighborRoomInfo.swift in Sources */,
				208C7A251A86198B0086DB72 /* MapUtil.swift in Sources */,
				208C7A3B1A87B1FB0086DB72 /* UIUtil.swift in Sources */,
				208C7A1E1A8617ED0086DB72 /* MapChip.swift in Sources */,
				2028EDA11A824F4700894577 /* AppDelegate.swift in Sources */,
			);
			runOnlyForDeploymentPostprocessing = 0;
		};
		2028EDB01A824F4700894577 /* Sources */ = {
			isa = PBXSourcesBuildPhase;
			buildActionMask = 2147483647;
			files = (
				2028EDBB1A824F4700894577 /* OpenWorldQuarterViewRPGTests.swift in Sources */,
			);
			runOnlyForDeploymentPostprocessing = 0;
		};
/* End PBXSourcesBuildPhase section */

/* Begin PBXTargetDependency section */
		2028EDB61A824F4700894577 /* PBXTargetDependency */ = {
			isa = PBXTargetDependency;
			target = 2028ED9A1A824F4700894577 /* OpenWorldQuarterViewRPG */;
			targetProxy = 2028EDB51A824F4700894577 /* PBXContainerItemProxy */;
		};
/* End PBXTargetDependency section */

/* Begin PBXVariantGroup section */
		2028EDA81A824F4700894577 /* Main.storyboard */ = {
			isa = PBXVariantGroup;
			children = (
				2028EDA91A824F4700894577 /* Base */,
			);
			name = Main.storyboard;
			sourceTree = "<group>";
		};
		2028EDAD1A824F4700894577 /* LaunchScreen.xib */ = {
			isa = PBXVariantGroup;
			children = (
				2028EDAE1A824F4700894577 /* Base */,
			);
			name = LaunchScreen.xib;
			sourceTree = "<group>";
		};
/* End PBXVariantGroup section */

/* Begin XCBuildConfiguration section */
		2028EDBC1A824F4700894577 /* Debug */ = {
			isa = XCBuildConfiguration;
			buildSettings = {
				ALWAYS_SEARCH_USER_PATHS = NO;
				CLANG_CXX_LANGUAGE_STANDARD = "gnu++0x";
				CLANG_CXX_LIBRARY = "libc++";
				CLANG_ENABLE_MODULES = YES;
				CLANG_ENABLE_OBJC_ARC = YES;
				CLANG_WARN_BOOL_CONVERSION = YES;
				CLANG_WARN_CONSTANT_CONVERSION = YES;
				CLANG_WARN_DIRECT_OBJC_ISA_USAGE = YES_ERROR;
				CLANG_WARN_EMPTY_BODY = YES;
				CLANG_WARN_ENUM_CONVERSION = YES;
				CLANG_WARN_INT_CONVERSION = YES;
				CLANG_WARN_OBJC_ROOT_CLASS = YES_ERROR;
				CLANG_WARN_UNREACHABLE_CODE = YES;
				CLANG_WARN__DUPLICATE_METHOD_MATCH = YES;
				"CODE_SIGN_IDENTITY[sdk=iphoneos*]" = "iPhone Developer";
				COPY_PHASE_STRIP = NO;
				ENABLE_STRICT_OBJC_MSGSEND = YES;
				GCC_C_LANGUAGE_STANDARD = gnu99;
				GCC_DYNAMIC_NO_PIC = NO;
				GCC_OPTIMIZATION_LEVEL = 0;
				GCC_PREPROCESSOR_DEFINITIONS = (
					"DEBUG=1",
					"$(inherited)",
				);
				GCC_SYMBOLS_PRIVATE_EXTERN = NO;
				GCC_WARN_64_TO_32_BIT_CONVERSION = YES;
				GCC_WARN_ABOUT_RETURN_TYPE = YES_ERROR;
				GCC_WARN_UNDECLARED_SELECTOR = YES;
				GCC_WARN_UNINITIALIZED_AUTOS = YES_AGGRESSIVE;
				GCC_WARN_UNUSED_FUNCTION = YES;
				GCC_WARN_UNUSED_VARIABLE = YES;
				IPHONEOS_DEPLOYMENT_TARGET = 8.1;
				MTL_ENABLE_DEBUG_INFO = YES;
				ONLY_ACTIVE_ARCH = YES;
				SDKROOT = iphoneos;
				SWIFT_OPTIMIZATION_LEVEL = "-Onone";
			};
			name = Debug;
		};
		2028EDBD1A824F4700894577 /* Release */ = {
			isa = XCBuildConfiguration;
			buildSettings = {
				ALWAYS_SEARCH_USER_PATHS = NO;
				CLANG_CXX_LANGUAGE_STANDARD = "gnu++0x";
				CLANG_CXX_LIBRARY = "libc++";
				CLANG_ENABLE_MODULES = YES;
				CLANG_ENABLE_OBJC_ARC = YES;
				CLANG_WARN_BOOL_CONVERSION = YES;
				CLANG_WARN_CONSTANT_CONVERSION = YES;
				CLANG_WARN_DIRECT_OBJC_ISA_USAGE = YES_ERROR;
				CLANG_WARN_EMPTY_BODY = YES;
				CLANG_WARN_ENUM_CONVERSION = YES;
				CLANG_WARN_INT_CONVERSION = YES;
				CLANG_WARN_OBJC_ROOT_CLASS = YES_ERROR;
				CLANG_WARN_UNREACHABLE_CODE = YES;
				CLANG_WARN__DUPLICATE_METHOD_MATCH = YES;
				"CODE_SIGN_IDENTITY[sdk=iphoneos*]" = "iPhone Developer";
				COPY_PHASE_STRIP = YES;
				ENABLE_NS_ASSERTIONS = NO;
				ENABLE_STRICT_OBJC_MSGSEND = YES;
				GCC_C_LANGUAGE_STANDARD = gnu99;
				GCC_WARN_64_TO_32_BIT_CONVERSION = YES;
				GCC_WARN_ABOUT_RETURN_TYPE = YES_ERROR;
				GCC_WARN_UNDECLARED_SELECTOR = YES;
				GCC_WARN_UNINITIALIZED_AUTOS = YES_AGGRESSIVE;
				GCC_WARN_UNUSED_FUNCTION = YES;
				GCC_WARN_UNUSED_VARIABLE = YES;
				IPHONEOS_DEPLOYMENT_TARGET = 8.1;
				MTL_ENABLE_DEBUG_INFO = NO;
				SDKROOT = iphoneos;
				VALIDATE_PRODUCT = YES;
			};
			name = Release;
		};
		2028EDBF1A824F4700894577 /* Debug */ = {
			isa = XCBuildConfiguration;
			buildSettings = {
				ASSETCATALOG_COMPILER_APPICON_NAME = AppIcon;
				INFOPLIST_FILE = OpenWorldQuarterViewRPG/Info.plist;
				LD_RUNPATH_SEARCH_PATHS = "$(inherited) @executable_path/Frameworks";
				PRODUCT_NAME = "$(TARGET_NAME)";
			};
			name = Debug;
		};
		2028EDC01A824F4700894577 /* Release */ = {
			isa = XCBuildConfiguration;
			buildSettings = {
				ASSETCATALOG_COMPILER_APPICON_NAME = AppIcon;
				INFOPLIST_FILE = OpenWorldQuarterViewRPG/Info.plist;
				LD_RUNPATH_SEARCH_PATHS = "$(inherited) @executable_path/Frameworks";
				PRODUCT_NAME = "$(TARGET_NAME)";
			};
			name = Release;
		};
		2028EDC21A824F4700894577 /* Debug */ = {
			isa = XCBuildConfiguration;
			buildSettings = {
				BUNDLE_LOADER = "$(TEST_HOST)";
				FRAMEWORK_SEARCH_PATHS = (
					"$(SDKROOT)/Developer/Library/Frameworks",
					"$(inherited)",
				);
				GCC_PREPROCESSOR_DEFINITIONS = (
					"DEBUG=1",
					"$(inherited)",
				);
				INFOPLIST_FILE = OpenWorldQuarterViewRPGTests/Info.plist;
				LD_RUNPATH_SEARCH_PATHS = "$(inherited) @executable_path/Frameworks @loader_path/Frameworks";
				PRODUCT_NAME = "$(TARGET_NAME)";
				TEST_HOST = "$(BUILT_PRODUCTS_DIR)/OpenWorldQuarterViewRPG.app/OpenWorldQuarterViewRPG";
			};
			name = Debug;
		};
		2028EDC31A824F4700894577 /* Release */ = {
			isa = XCBuildConfiguration;
			buildSettings = {
				BUNDLE_LOADER = "$(TEST_HOST)";
				FRAMEWORK_SEARCH_PATHS = (
					"$(SDKROOT)/Developer/Library/Frameworks",
					"$(inherited)",
				);
				INFOPLIST_FILE = OpenWorldQuarterViewRPGTests/Info.plist;
				LD_RUNPATH_SEARCH_PATHS = "$(inherited) @executable_path/Frameworks @loader_path/Frameworks";
				PRODUCT_NAME = "$(TARGET_NAME)";
				TEST_HOST = "$(BUILT_PRODUCTS_DIR)/OpenWorldQuarterViewRPG.app/OpenWorldQuarterViewRPG";
			};
			name = Release;
		};
/* End XCBuildConfiguration section */

/* Begin XCConfigurationList section */
		2028ED961A824F4700894577 /* Build configuration list for PBXProject "OpenWorldQuarterViewRPG" */ = {
			isa = XCConfigurationList;
			buildConfigurations = (
				2028EDBC1A824F4700894577 /* Debug */,
				2028EDBD1A824F4700894577 /* Release */,
			);
			defaultConfigurationIsVisible = 0;
			defaultConfigurationName = Release;
		};
		2028EDBE1A824F4700894577 /* Build configuration list for PBXNativeTarget "OpenWorldQuarterViewRPG" */ = {
			isa = XCConfigurationList;
			buildConfigurations = (
				2028EDBF1A824F4700894577 /* Debug */,
				2028EDC01A824F4700894577 /* Release */,
			);
			defaultConfigurationIsVisible = 0;
			defaultConfigurationName = Release;
		};
		2028EDC11A824F4700894577 /* Build configuration list for PBXNativeTarget "OpenWorldQuarterViewRPGTests" */ = {
			isa = XCConfigurationList;
			buildConfigurations = (
				2028EDC21A824F4700894577 /* Debug */,
				2028EDC31A824F4700894577 /* Release */,
			);
			defaultConfigurationIsVisible = 0;
			defaultConfigurationName = Release;
		};
/* End XCConfigurationList section */
	};
	rootObject = 2028ED931A824F4700894577 /* Project object */;
}
